{
  "schema": 1,
  "packs": [
    {
      "source": "../packs/acme-org",
      "ref": "",
      "hash": "sha256:830bc9c4ba1064a17624da05a1621da55087642bdf8cf73e5aaffc25d15dea5d"
    }
  ],
  "artifacts": [
    {
      "path": ".claude/skills/esc-acme-org-acme-vault",
      "kind": "dir",
      "hash": "sha256:149c6bc25f69a466b42f4cd336c12ba9a603ecd04bbc2660fe653397805568dc",
      "files": [
        "SKILL.md"
      ]
    },
    {
      "path": ".mcp.json",
      "kind": "json-keys",
      "hash": "sha256:b5817aada177a43a2880791616237d1bfd80444e0832c250704e8d5162b628e7",
      "keys": [
        "acme-paved-path"
      ]
    },
    {
      "path": "AGENTS.md",
      "kind": "block",
      "hash": "sha256:4127f9f00a25a0e7c70e411b08ee1cc7662f1c193470a485e4994713e63f1b80"
    },
    {
      "path": "CLAUDE.md",
      "kind": "block",
      "hash": "sha256:4127f9f00a25a0e7c70e411b08ee1cc7662f1c193470a485e4994713e63f1b80"
    },
    {
      "path": "GEMINI.md",
      "kind": "block",
      "hash": "sha256:4127f9f00a25a0e7c70e411b08ee1cc7662f1c193470a485e4994713e63f1b80"
    },
    {
      "path": "GOVERNANCE.md",
      "kind": "file",
      "hash": "sha256:be25b7862178e2c8ba809338d77ce4103de9598345c006ebdda343ef3805d67d"
    }
  ]
}
