{
  "schema": 1,
  "packs": [
    {
      "source": "../packs/acme-org",
      "ref": "",
      "hash": "sha256:bd3a11f07d8c14f5791d1819858d51070e1613b1c0fc1d4327f2facce6fc27ca"
    }
  ],
  "artifacts": [
    {
      "path": ".claude/skills/esc-acme-org-acme-vault",
      "kind": "dir",
      "hash": "sha256:149c6bc25f69a466b42f4cd336c12ba9a603ecd04bbc2660fe653397805568dc",
      "files": [
        "SKILL.md"
      ]
    },
    {
      "path": ".mcp.json",
      "kind": "json-keys",
      "hash": "sha256:b5817aada177a43a2880791616237d1bfd80444e0832c250704e8d5162b628e7",
      "keys": [
        "acme-paved-path"
      ]
    },
    {
      "path": "AGENTS.md",
      "kind": "block",
      "hash": "sha256:d3439a1939e7f86b5555078a171fb57092eb7640df1fcda04f533589fa10361b"
    },
    {
      "path": "CLAUDE.md",
      "kind": "block",
      "hash": "sha256:d3439a1939e7f86b5555078a171fb57092eb7640df1fcda04f533589fa10361b"
    },
    {
      "path": "GEMINI.md",
      "kind": "block",
      "hash": "sha256:d3439a1939e7f86b5555078a171fb57092eb7640df1fcda04f533589fa10361b"
    },
    {
      "path": "GOVERNANCE.md",
      "kind": "file",
      "hash": "sha256:c35b0e307277dd62f009071cdc5a9d47280b57e92801e40e32bdc5d86c71cfd9"
    }
  ]
}
